
Microsoft Visual Studio Solution File, Format Version 12.00
# Visual Studio Version 17
VisualStudioVersion = 17.10.35013.160
MinimumVisualStudioVersion = 10.0.40219.1
Project("{FAE04EC0-301F-11D3-BF4B-00C04F79EFBC}") = "Vetores_Par_Impar", "Vetores_Par_Impar\Vetores_Par_Impar.csproj", "{F2653089-6685-4C0F-BEFB-A78CEB906D7A}"
EndProject
Global
	GlobalSection(SolutionConfigurationPlatforms) = preSolution
		Debug|Any CPU = Debug|Any CPU
		Release|Any CPU = Release|Any CPU
	EndGlobalSection
	GlobalSection(ProjectConfigurationPlatforms) = postSolution
		{F2653089-6685-4C0F-BEFB-A78CEB906D7A}.Debug|Any CPU.ActiveCfg = Debug|Any CPU
		{F2653089-6685-4C0F-BEFB-A78CEB906D7A}.Debug|Any CPU.Build.0 = Debug|Any CPU
		{F2653089-6685-4C0F-BEFB-A78CEB906D7A}.Release|Any CPU.ActiveCfg = Release|Any CPU
		{F2653089-6685-4C0F-BEFB-A78CEB906D7A}.Release|Any CPU.Build.0 = Release|Any CPU
	EndGlobalSection
	GlobalSection(SolutionProperties) = preSolution
		HideSolutionNode = FALSE
	EndGlobalSection
	GlobalSection(ExtensibilityGlobals) = postSolution
		SolutionGuid = {3F1BD0F0-7388-4A32-AD58-4F825114BFA0}
	EndGlobalSection
EndGlobal
